
Microsoft Visual Studio Solution File, Format Version 12.00
# Visual Studio 15
VisualStudioVersion = 15.0.26730.16
MinimumVisualStudioVersion = 10.0.40219.1
Project("{FAE04EC0-301F-11D3-BF4B-00C04F79EFBC}") = "ConsolePasswordMasker", "ConsolePasswordMasker\ConsolePasswordMasker.csproj", "{6DAA675E-AB5F-4833-97CA-79EABF9BBB9B}"
EndProject
Project("{FAE04EC0-301F-11D3-BF4B-00C04F79EFBC}") = "ConsolePasswordMasker.Core", "ConsolePasswordMasker.Core\ConsolePasswordMasker.Core.csproj", "{098DBFEC-0E01-4354-B63E-95A222030F3D}"
EndProject
Global
	GlobalSection(SolutionConfigurationPlatforms) = preSolution
		Debug|Any CPU = Debug|Any CPU
		Release|Any CPU = Release|Any CPU
	EndGlobalSection
	GlobalSection(ProjectConfigurationPlatforms) = postSolution
		{6DAA675E-AB5F-4833-97CA-79EABF9BBB9B}.Debug|Any CPU.ActiveCfg = Debug|Any CPU
		{6DAA675E-AB5F-4833-97CA-79EABF9BBB9B}.Debug|Any CPU.Build.0 = Debug|Any CPU
		{6DAA675E-AB5F-4833-97CA-79EABF9BBB9B}.Release|Any CPU.ActiveCfg = Release|Any CPU
		{6DAA675E-AB5F-4833-97CA-79EABF9BBB9B}.Release|Any CPU.Build.0 = Release|Any CPU
		{098DBFEC-0E01-4354-B63E-95A222030F3D}.Debug|Any CPU.ActiveCfg = Debug|Any CPU
		{098DBFEC-0E01-4354-B63E-95A222030F3D}.Debug|Any CPU.Build.0 = Debug|Any CPU
		{098DBFEC-0E01-4354-B63E-95A222030F3D}.Release|Any CPU.ActiveCfg = Release|Any CPU
		{098DBFEC-0E01-4354-B63E-95A222030F3D}.Release|Any CPU.Build.0 = Release|Any CPU
	EndGlobalSection
	GlobalSection(SolutionProperties) = preSolution
		HideSolutionNode = FALSE
	EndGlobalSection
	GlobalSection(ExtensibilityGlobals) = postSolution
		SolutionGuid = {FEC95370-3918-4F18-A596-9F0EFD5BFCFE}
	EndGlobalSection
EndGlobal
